
Microsoft Visual Studio Solution File, Format Version 12.00
# Visual Studio Version 16
VisualStudioVersion = 16.0.30114.105
MinimumVisualStudioVersion = 10.0.40219.1
Project("{FAE04EC0-301F-11D3-BF4B-00C04F79EFBC}") = "CalcTitiu", "CalcTitiu\CalcTitiu.csproj", "{7B2143B1-7DDE-4C43-8383-624E9FB61DE9}"
EndProject
Global
	GlobalSection(SolutionConfigurationPlatforms) = preSolution
		Debug|Any CPU = Debug|Any CPU
		Release|Any CPU = Release|Any CPU
	EndGlobalSection
	GlobalSection(ProjectConfigurationPlatforms) = postSolution
		{7B2143B1-7DDE-4C43-8383-624E9FB61DE9}.Debug|Any CPU.ActiveCfg = Debug|Any CPU
		{7B2143B1-7DDE-4C43-8383-624E9FB61DE9}.Debug|Any CPU.Build.0 = Debug|Any CPU
		{7B2143B1-7DDE-4C43-8383-624E9FB61DE9}.Release|Any CPU.ActiveCfg = Release|Any CPU
		{7B2143B1-7DDE-4C43-8383-624E9FB61DE9}.Release|Any CPU.Build.0 = Release|Any CPU
	EndGlobalSection
	GlobalSection(SolutionProperties) = preSolution
		HideSolutionNode = FALSE
	EndGlobalSection
	GlobalSection(ExtensibilityGlobals) = postSolution
		SolutionGuid = {E231C5B2-3232-436C-8C2F-3D022C554B54}
	EndGlobalSection
EndGlobal
