
Microsoft Visual Studio Solution File, Format Version 12.00
# Visual Studio Version 16
VisualStudioVersion = 16.0.31005.135
MinimumVisualStudioVersion = 10.0.40219.1
Project("{FAE04EC0-301F-11D3-BF4B-00C04F79EFBC}") = "CalculatorTabajaras", "CalculatorTabajaras.csproj", "{ACD9C9E4-2D29-4533-973D-68D60DB6832F}"
EndProject
Global
	GlobalSection(SolutionConfigurationPlatforms) = preSolution
		Debug|Any CPU = Debug|Any CPU
		Release|Any CPU = Release|Any CPU
	EndGlobalSection
	GlobalSection(ProjectConfigurationPlatforms) = postSolution
		{ACD9C9E4-2D29-4533-973D-68D60DB6832F}.Debug|Any CPU.ActiveCfg = Debug|Any CPU
		{ACD9C9E4-2D29-4533-973D-68D60DB6832F}.Debug|Any CPU.Build.0 = Debug|Any CPU
		{ACD9C9E4-2D29-4533-973D-68D60DB6832F}.Release|Any CPU.ActiveCfg = Release|Any CPU
		{ACD9C9E4-2D29-4533-973D-68D60DB6832F}.Release|Any CPU.Build.0 = Release|Any CPU
	EndGlobalSection
	GlobalSection(SolutionProperties) = preSolution
		HideSolutionNode = FALSE
	EndGlobalSection
	GlobalSection(ExtensibilityGlobals) = postSolution
		SolutionGuid = {6A271B03-14C0-4800-A612-7E95DEFD9BC5}
	EndGlobalSection
EndGlobal
